# This file is autogenerated, do not edit; changes may be undone by the next 'dep ensure'.


[[projects]]
  branch = "master"
  digest = "1:76567fe046eea452bd36511500abe9315599d8044f4e8fe185bbed95205c169e"
  name = "github.com/mdirkse/i3ipc"
  packages = ["."]
  pruneopts = "NUT"
  revision = "ac599a8723751557e166ad0c43ae126d37223e30"

[solve-meta]
  analyzer-name = "dep"
  analyzer-version = 1
  input-imports = ["github.com/mdirkse/i3ipc"]
  solver-name = "gps-cdcl"
  solver-version = 1
